
Microsoft Visual Studio Solution File, Format Version 12.00
# Visual Studio 15
VisualStudioVersion = 15.0.28307.421
MinimumVisualStudioVersion = 10.0.40219.1
Project("{FAE04EC0-301F-11D3-BF4B-00C04F79EFBC}") = "ArrayPracticeP1", "ArrayPracticeP1\ArrayPracticeP1.csproj", "{2F626EE7-A735-44A0-83F2-AA560999E1E3}"
EndProject
Global
	GlobalSection(SolutionConfigurationPlatforms) = preSolution
		Debug|Any CPU = Debug|Any CPU
		Release|Any CPU = Release|Any CPU
	EndGlobalSection
	GlobalSection(ProjectConfigurationPlatforms) = postSolution
		{2F626EE7-A735-44A0-83F2-AA560999E1E3}.Debug|Any CPU.ActiveCfg = Debug|Any CPU
		{2F626EE7-A735-44A0-83F2-AA560999E1E3}.Debug|Any CPU.Build.0 = Debug|Any CPU
		{2F626EE7-A735-44A0-83F2-AA560999E1E3}.Release|Any CPU.ActiveCfg = Release|Any CPU
		{2F626EE7-A735-44A0-83F2-AA560999E1E3}.Release|Any CPU.Build.0 = Release|Any CPU
	EndGlobalSection
	GlobalSection(SolutionProperties) = preSolution
		HideSolutionNode = FALSE
	EndGlobalSection
	GlobalSection(ExtensibilityGlobals) = postSolution
		SolutionGuid = {C90DB2B9-1D26-405D-A3D5-2A5420A798B9}
	EndGlobalSection
EndGlobal
